{
  "name": "vagrant",
  "version": "1.0.0",
  "lockfileVersion": 1,
  "requires": true,
  "dependencies": {
    "font-awesome": {
      "version": "4.6.3",
      "resolved": "https://registry.npmjs.org/font-awesome/-/font-awesome-4.6.3.tgz",
      "integrity": "sha1-hpM2UVQO4Ah0xmQBf1DyFy9lMaI="
    },
    "foundation-sites": {
      "version": "6.3.1",
      "resolved": "https://registry.npmjs.org/foundation-sites/-/foundation-sites-6.3.1.tgz",
      "integrity": "sha1-I4Uzct65SAwTtCZJnq8Mj5DNvh0=",
      "requires": {
        "jquery": ">=2.2.0",
        "what-input": "^4.0.3"
      }
    },
    "jquery": {
      "version": "3.3.1",
      "resolved": "https://registry.npmjs.org/jquery/-/jquery-3.3.1.tgz",
      "integrity": "sha512-Ubldcmxp5np52/ENotGxlLe6aGMvmF4R8S6tZjsP6Knsaxd/xp3Zrh50cG93lR6nPXyUFwzN3ZSOQI0wRJNdGg=="
    },
    "js-cookie": {
      "version": "2.2.0",
      "resolved": "https://registry.npmjs.org/js-cookie/-/js-cookie-2.2.0.tgz",
      "integrity": "sha1-Gywnmm7s44ChIWi5JIUmWzWx7/s="
    },
    "motion-ui": {
      "version": "2.0.3",
      "resolved": "https://registry.npmjs.org/motion-ui/-/motion-ui-2.0.3.tgz",
      "integrity": "sha512-f9xzh/hbZTUYjk4M7y1aDcsiPTfqUbuvCv/+If05TSIBEJMu3hGBU+YSe9csQPP7WBBHXxjossEygM/TJo2enw=="
    },
    "vue": {
      "version": "2.5.22",
      "resolved": "https://registry.npmjs.org/vue/-/vue-2.5.22.tgz",
      "integrity": "sha512-pxY3ZHlXNJMFQbkjEgGVMaMMkSV1ONpz+4qB55kZuJzyJOhn6MSy/YZdzhdnumegNzVTL/Dn3Pp4UrVBYt1j/g=="
    },
    "what-input": {
      "version": "4.3.1",
      "resolved": "https://registry.npmjs.org/what-input/-/what-input-4.3.1.tgz",
      "integrity": "sha512-7KD71RWNRWI9M08shZ8+n/2UjO5amwsG9PMSXWz0iIlH8H2DVbHE8Z2tW1RqQa0kIwdeqdUIffFz7crDfkcbAw=="
    }
  }
}
